{
  "name": "vidvnc",
  "version": "0.4.0",
  "lockfileVersion": 3,
  "requires": true,
  "packages": {
    "": {
      "name": "vidvnc",
      "version": "0.4.0",
      "license": "AGPL-3.0-only",
      "workspaces": [
        "apps/server",
        "apps/web-client",
        "native/media-worker"
      ],
      "devDependencies": {
        "@wasm-fmt/clang-format": "23.1.0",
        "prettier": "3.9.6"
      },
      "engines": {
        "node": ">=20.6"
      }
    },
    "apps/server": {
      "name": "@vidvnc/server",
      "version": "0.4.0",
      "license": "AGPL-3.0-only",
      "dependencies": {
        "@vidvnc/media-worker": "0.4.0",
        "@vidvnc/web-client": "0.4.0"
      }
    },
    "apps/web-client": {
      "name": "@vidvnc/web-client",
      "version": "0.4.0",
      "license": "AGPL-3.0-only",
      "devDependencies": {
        "@vidvnc/server": "0.4.0"
      }
    },
    "native/media-worker": {
      "name": "@vidvnc/media-worker",
      "version": "0.4.0",
      "license": "AGPL-3.0-only"
    },
    "node_modules/@vidvnc/media-worker": {
      "resolved": "native/media-worker",
      "link": true
    },
    "node_modules/@vidvnc/server": {
      "resolved": "apps/server",
      "link": true
    },
    "node_modules/@vidvnc/web-client": {
      "resolved": "apps/web-client",
      "link": true
    },
    "node_modules/@wasm-fmt/clang-format": {
      "version": "23.1.0",
      "resolved": "https://registry.npmjs.org/@wasm-fmt/clang-format/-/clang-format-23.1.0.tgz",
      "integrity": "sha512-Mjb0KPghsr+HH+GL42EvlEB1OcNZLUqlS5J/97kMuIhu703OYcrFm+r1kMxXuaufhvQgAHtxCouxNZXFqpIynQ==",
      "dev": true,
      "license": "MIT",
      "bin": {
        "clang-format": "clang-format-cli.cjs",
        "clang-format-diff": "clang-format-diff.py",
        "git-clang-format": "git-clang-format"
      },
      "engines": {
        "node": ">=16.17.0"
      }
    },
    "node_modules/prettier": {
      "version": "3.9.6",
      "resolved": "https://registry.npmjs.org/prettier/-/prettier-3.9.6.tgz",
      "integrity": "sha512-OpN0zzVdiaiAhxpuuj5efpIS4sY9j7bY6uR5mnj5yPzGkdkjNKSJeUThPb60Jw29QuAZgA4o+/iB49kFiaBX6g==",
      "dev": true,
      "license": "MIT",
      "bin": {
        "prettier": "bin/prettier.cjs"
      },
      "engines": {
        "node": ">=14"
      },
      "funding": {
        "url": "https://github.com/prettier/prettier?sponsor=1"
      }
    }
  }
}
